
Microsoft Visual Studio Solution File, Format Version 12.00
# Visual Studio Version 17
VisualStudioVersion = 17.0.31903.59
MinimumVisualStudioVersion = 10.0.40219.1
Project("{2150E333-8FDC-42A3-9474-1A3956D46DE8}") = "src", "src", "{333BF542-4E34-42AB-8D19-6597110C950F}"
EndProject
Project("{FAE04EC0-301F-11D3-BF4B-00C04F79EFBC}") = "Edcom.Domain", "src\Edcom.Domain\Edcom.Domain.csproj", "{B4B94AFA-0789-49BF-8991-2706CE08EB03}"
EndProject
Project("{FAE04EC0-301F-11D3-BF4B-00C04F79EFBC}") = "Edcom.Application", "src\Edcom.Application\Edcom.Application.csproj", "{9B03F39B-ACE3-4D74-80EE-2323AB47C3BA}"
EndProject
Project("{FAE04EC0-301F-11D3-BF4B-00C04F79EFBC}") = "Edcom.Infrastructure", "src\Edcom.Infrastructure\Edcom.Infrastructure.csproj", "{E358D946-15DB-40E2-8A10-96CCD145C575}"
EndProject
Project("{FAE04EC0-301F-11D3-BF4B-00C04F79EFBC}") = "Edcom.Api", "src\Edcom.Api\Edcom.Api.csproj", "{A53D060A-D752-41EE-A216-4CE42B3CE6C9}"
EndProject
Global
	GlobalSection(SolutionConfigurationPlatforms) = preSolution
		Debug|Any CPU = Debug|Any CPU
		Release|Any CPU = Release|Any CPU
	EndGlobalSection
	GlobalSection(SolutionProperties) = preSolution
		HideSolutionNode = FALSE
	EndGlobalSection
	GlobalSection(ProjectConfigurationPlatforms) = postSolution
		{B4B94AFA-0789-49BF-8991-2706CE08EB03}.Debug|Any CPU.ActiveCfg = Debug|Any CPU
		{B4B94AFA-0789-49BF-8991-2706CE08EB03}.Debug|Any CPU.Build.0 = Debug|Any CPU
		{B4B94AFA-0789-49BF-8991-2706CE08EB03}.Release|Any CPU.ActiveCfg = Release|Any CPU
		{B4B94AFA-0789-49BF-8991-2706CE08EB03}.Release|Any CPU.Build.0 = Release|Any CPU
		{9B03F39B-ACE3-4D74-80EE-2323AB47C3BA}.Debug|Any CPU.ActiveCfg = Debug|Any CPU
		{9B03F39B-ACE3-4D74-80EE-2323AB47C3BA}.Debug|Any CPU.Build.0 = Debug|Any CPU
		{9B03F39B-ACE3-4D74-80EE-2323AB47C3BA}.Release|Any CPU.ActiveCfg = Release|Any CPU
		{9B03F39B-ACE3-4D74-80EE-2323AB47C3BA}.Release|Any CPU.Build.0 = Release|Any CPU
		{E358D946-15DB-40E2-8A10-96CCD145C575}.Debug|Any CPU.ActiveCfg = Debug|Any CPU
		{E358D946-15DB-40E2-8A10-96CCD145C575}.Debug|Any CPU.Build.0 = Debug|Any CPU
		{E358D946-15DB-40E2-8A10-96CCD145C575}.Release|Any CPU.ActiveCfg = Release|Any CPU
		{E358D946-15DB-40E2-8A10-96CCD145C575}.Release|Any CPU.Build.0 = Release|Any CPU
		{A53D060A-D752-41EE-A216-4CE42B3CE6C9}.Debug|Any CPU.ActiveCfg = Debug|Any CPU
		{A53D060A-D752-41EE-A216-4CE42B3CE6C9}.Debug|Any CPU.Build.0 = Debug|Any CPU
		{A53D060A-D752-41EE-A216-4CE42B3CE6C9}.Release|Any CPU.ActiveCfg = Release|Any CPU
		{A53D060A-D752-41EE-A216-4CE42B3CE6C9}.Release|Any CPU.Build.0 = Release|Any CPU
	EndGlobalSection
	GlobalSection(NestedProjects) = preSolution
		{B4B94AFA-0789-49BF-8991-2706CE08EB03} = {333BF542-4E34-42AB-8D19-6597110C950F}
		{9B03F39B-ACE3-4D74-80EE-2323AB47C3BA} = {333BF542-4E34-42AB-8D19-6597110C950F}
		{E358D946-15DB-40E2-8A10-96CCD145C575} = {333BF542-4E34-42AB-8D19-6597110C950F}
		{A53D060A-D752-41EE-A216-4CE42B3CE6C9} = {333BF542-4E34-42AB-8D19-6597110C950F}
	EndGlobalSection
EndGlobal
